
Microsoft Visual Studio Solution File, Format Version 12.00
# Visual Studio Version 16
VisualStudioVersion = 16.0.31321.278
MinimumVisualStudioVersion = 10.0.40219.1
Project("{FAE04EC0-301F-11D3-BF4B-00C04F79EFBC}") = "ProgressBarExample", "ProgressBarExample\ProgressBarExample.csproj", "{1BFDC0D4-268B-403D-A863-44B73AF1DD61}"
EndProject
Global
	GlobalSection(SolutionConfigurationPlatforms) = preSolution
		Debug|Any CPU = Debug|Any CPU
		Release|Any CPU = Release|Any CPU
	EndGlobalSection
	GlobalSection(ProjectConfigurationPlatforms) = postSolution
		{1BFDC0D4-268B-403D-A863-44B73AF1DD61}.Debug|Any CPU.ActiveCfg = Debug|Any CPU
		{1BFDC0D4-268B-403D-A863-44B73AF1DD61}.Debug|Any CPU.Build.0 = Debug|Any CPU
		{1BFDC0D4-268B-403D-A863-44B73AF1DD61}.Release|Any CPU.ActiveCfg = Release|Any CPU
		{1BFDC0D4-268B-403D-A863-44B73AF1DD61}.Release|Any CPU.Build.0 = Release|Any CPU
	EndGlobalSection
	GlobalSection(SolutionProperties) = preSolution
		HideSolutionNode = FALSE
	EndGlobalSection
	GlobalSection(ExtensibilityGlobals) = postSolution
		SolutionGuid = {6F300DFE-C07D-40D2-ABBC-BB93746B2746}
	EndGlobalSection
EndGlobal
